
Microsoft Visual Studio Solution File, Format Version 12.00
# Visual Studio Version 16
VisualStudioVersion = 16.0.30320.27
MinimumVisualStudioVersion = 10.0.40219.1
Project("{8BC9CEB8-8B4A-11D0-8D11-00A0C91BC942}") = "CoSimHeat", "CoSimHeat\CoSimHeat.vcxproj", "{D2CE4039-8406-4185-9B03-29E2D96F8A94}"
EndProject
Global
	GlobalSection(SolutionConfigurationPlatforms) = preSolution
		Debug|x64 = Debug|x64
		Debug|x86 = Debug|x86
		Release|x64 = Release|x64
		Release|x86 = Release|x86
	EndGlobalSection
	GlobalSection(ProjectConfigurationPlatforms) = postSolution
		{D2CE4039-8406-4185-9B03-29E2D96F8A94}.Debug|x64.ActiveCfg = Debug|x64
		{D2CE4039-8406-4185-9B03-29E2D96F8A94}.Debug|x64.Build.0 = Debug|x64
		{D2CE4039-8406-4185-9B03-29E2D96F8A94}.Debug|x86.ActiveCfg = Debug|Win32
		{D2CE4039-8406-4185-9B03-29E2D96F8A94}.Debug|x86.Build.0 = Debug|Win32
		{D2CE4039-8406-4185-9B03-29E2D96F8A94}.Release|x64.ActiveCfg = Release|x64
		{D2CE4039-8406-4185-9B03-29E2D96F8A94}.Release|x64.Build.0 = Release|x64
		{D2CE4039-8406-4185-9B03-29E2D96F8A94}.Release|x86.ActiveCfg = Release|Win32
		{D2CE4039-8406-4185-9B03-29E2D96F8A94}.Release|x86.Build.0 = Release|Win32
	EndGlobalSection
	GlobalSection(SolutionProperties) = preSolution
		HideSolutionNode = FALSE
	EndGlobalSection
	GlobalSection(ExtensibilityGlobals) = postSolution
		SolutionGuid = {B377CC9D-4359-4180-AA9D-C0DD4AAC9A25}
	EndGlobalSection
EndGlobal
